
Microsoft Visual Studio Solution File, Format Version 12.00
# Visual Studio Version 17
VisualStudioVersion = 17.8.34330.188
MinimumVisualStudioVersion = 10.0.40219.1
Project("{FAE04EC0-301F-11D3-BF4B-00C04F79EFBC}") = "RockstarGamesLauncher", "RockstarGamesLauncher\RockstarGamesLauncher.csproj", "{4D285D60-5714-4BF0-9F78-32F3153DE0A4}"
EndProject
Global
	GlobalSection(SolutionConfigurationPlatforms) = preSolution
		Debug|Any CPU = Debug|Any CPU
		Release|Any CPU = Release|Any CPU
	EndGlobalSection
	GlobalSection(ProjectConfigurationPlatforms) = postSolution
		{4D285D60-5714-4BF0-9F78-32F3153DE0A4}.Debug|Any CPU.ActiveCfg = Debug|Any CPU
		{4D285D60-5714-4BF0-9F78-32F3153DE0A4}.Debug|Any CPU.Build.0 = Debug|Any CPU
		{4D285D60-5714-4BF0-9F78-32F3153DE0A4}.Release|Any CPU.ActiveCfg = Release|Any CPU
		{4D285D60-5714-4BF0-9F78-32F3153DE0A4}.Release|Any CPU.Build.0 = Release|Any CPU
	EndGlobalSection
	GlobalSection(SolutionProperties) = preSolution
		HideSolutionNode = FALSE
	EndGlobalSection
	GlobalSection(ExtensibilityGlobals) = postSolution
		SolutionGuid = {10C9B554-413D-45F1-B8A6-3D9B8D720BF1}
	EndGlobalSection
EndGlobal
